
Microsoft Visual Studio Solution File, Format Version 12.00
# Visual Studio Version 17
VisualStudioVersion = 17.9.34728.123
MinimumVisualStudioVersion = 10.0.40219.1
Project("{FAE04EC0-301F-11D3-BF4B-00C04F79EFBC}") = "CollectionViewResizeBugRepro", "CollectionViewResizeBugRepro\CollectionViewResizeBugRepro.csproj", "{D9FF682E-F043-47BA-9658-1D55FE00D42B}"
EndProject
Global
	GlobalSection(SolutionConfigurationPlatforms) = preSolution
		Debug|Any CPU = Debug|Any CPU
		Release|Any CPU = Release|Any CPU
	EndGlobalSection
	GlobalSection(ProjectConfigurationPlatforms) = postSolution
		{D9FF682E-F043-47BA-9658-1D55FE00D42B}.Debug|Any CPU.ActiveCfg = Debug|Any CPU
		{D9FF682E-F043-47BA-9658-1D55FE00D42B}.Debug|Any CPU.Build.0 = Debug|Any CPU
		{D9FF682E-F043-47BA-9658-1D55FE00D42B}.Debug|Any CPU.Deploy.0 = Debug|Any CPU
		{D9FF682E-F043-47BA-9658-1D55FE00D42B}.Release|Any CPU.ActiveCfg = Release|Any CPU
		{D9FF682E-F043-47BA-9658-1D55FE00D42B}.Release|Any CPU.Build.0 = Release|Any CPU
		{D9FF682E-F043-47BA-9658-1D55FE00D42B}.Release|Any CPU.Deploy.0 = Release|Any CPU
	EndGlobalSection
	GlobalSection(SolutionProperties) = preSolution
		HideSolutionNode = FALSE
	EndGlobalSection
	GlobalSection(ExtensibilityGlobals) = postSolution
		SolutionGuid = {77AD49A0-0C2B-42CE-9099-79FEE95C5CE9}
	EndGlobalSection
EndGlobal
